# THIS IS AN AUTOGENERATED FILE. DO NOT EDIT THIS FILE DIRECTLY.
# yarn lockfile v1


lodash@1.0.0:
  version "1.0.0"
  resolved "https://registry.yarnpkg.com/lodash/-/lodash-1.0.0.tgz#2535c2f7dcb6937cee8d2672c5f7138eee0df6a9"
  integrity sha512-WHDYO0qSDoEe4PJznK52IoMBj2szpaTUnG6iJarwjeW0LymFN46KNDoiOLOt4OS78e1e+A9jQrfbMNxue6l3GQ==
